{
  "object": {
    "pins": [
      {
        "package": "llbuild",
        "repositoryURL": "https://github.com/apple/swift-llbuild.git",
        "state": {
          "branch": "master",
          "revision": "ec16f6bda3d293f6af9c6fa1d2ef787cbbca7ecc",
          "version": null
        }
      },
      {
        "package": "SwiftPM",
        "repositoryURL": "https://github.com/apple/swift-package-manager.git",
        "state": {
          "branch": "master",
          "revision": "10ac0664bd3347755b9bb3dd8b765c02f950a952",
          "version": null
        }
      }
    ]
  },
  "version": 1
}
