{
  "object": {
    "pins": [
      {
        "package": "llbuild",
        "repositoryURL": "https://github.com/apple/swift-llbuild.git",
        "state": {
          "branch": "master",
          "revision": "fb7ab0ddbd6020dd212a1dd931d46a9c94ea2d9c",
          "version": null
        }
      },
      {
        "package": "SwiftPM",
        "repositoryURL": "https://github.com/apple/swift-package-manager.git",
        "state": {
          "branch": "master",
          "revision": "209d3af0487c78ab20009818bab9e305fc9d62a1",
          "version": null
        }
      }
    ]
  },
  "version": 1
}
